
Microsoft Visual Studio Solution File, Format Version 12.00
# Visual Studio Version 17
VisualStudioVersion = 17.11.35312.102
MinimumVisualStudioVersion = 10.0.40219.1
Project("{FAE04EC0-301F-11D3-BF4B-00C04F79EFBC}") = "MiniProyecto3", "MiniProyecto3\MiniProyecto3.csproj", "{1722D3D8-F36A-481C-8D7C-8023D4AC76F2}"
EndProject
Global
	GlobalSection(SolutionConfigurationPlatforms) = preSolution
		Debug|Any CPU = Debug|Any CPU
		Release|Any CPU = Release|Any CPU
	EndGlobalSection
	GlobalSection(ProjectConfigurationPlatforms) = postSolution
		{1722D3D8-F36A-481C-8D7C-8023D4AC76F2}.Debug|Any CPU.ActiveCfg = Debug|Any CPU
		{1722D3D8-F36A-481C-8D7C-8023D4AC76F2}.Debug|Any CPU.Build.0 = Debug|Any CPU
		{1722D3D8-F36A-481C-8D7C-8023D4AC76F2}.Release|Any CPU.ActiveCfg = Release|Any CPU
		{1722D3D8-F36A-481C-8D7C-8023D4AC76F2}.Release|Any CPU.Build.0 = Release|Any CPU
	EndGlobalSection
	GlobalSection(SolutionProperties) = preSolution
		HideSolutionNode = FALSE
	EndGlobalSection
	GlobalSection(ExtensibilityGlobals) = postSolution
		SolutionGuid = {52B7214C-EC4F-4222-94F7-9DF92C999B35}
	EndGlobalSection
EndGlobal
